
Microsoft Visual Studio Solution File, Format Version 12.00
# Visual Studio Version 16
VisualStudioVersion = 16.0.31019.35
MinimumVisualStudioVersion = 10.0.40219.1
Project("{9A19103F-16F7-4668-BE54-9A1E7A4F7556}") = "ARHomeUploader", "ARHomeUploader.csproj", "{69474D33-0471-4D95-AEE7-4F32DB1103E5}"
EndProject
Global
	GlobalSection(SolutionConfigurationPlatforms) = preSolution
		Debug|Any CPU = Debug|Any CPU
		Release|Any CPU = Release|Any CPU
	EndGlobalSection
	GlobalSection(ProjectConfigurationPlatforms) = postSolution
		{69474D33-0471-4D95-AEE7-4F32DB1103E5}.Debug|Any CPU.ActiveCfg = Debug|Any CPU
		{69474D33-0471-4D95-AEE7-4F32DB1103E5}.Debug|Any CPU.Build.0 = Debug|Any CPU
		{69474D33-0471-4D95-AEE7-4F32DB1103E5}.Release|Any CPU.ActiveCfg = Release|Any CPU
		{69474D33-0471-4D95-AEE7-4F32DB1103E5}.Release|Any CPU.Build.0 = Release|Any CPU
	EndGlobalSection
	GlobalSection(SolutionProperties) = preSolution
		HideSolutionNode = FALSE
	EndGlobalSection
	GlobalSection(ExtensibilityGlobals) = postSolution
		SolutionGuid = {EB9BA23B-7D01-4B39-9233-6928C3D26ACF}
	EndGlobalSection
EndGlobal
